
Microsoft Visual Studio Solution File, Format Version 12.00
# Visual Studio Version 16
VisualStudioVersion = 16.0.29519.87
MinimumVisualStudioVersion = 10.0.40219.1
Project("{FAE04EC0-301F-11D3-BF4B-00C04F79EFBC}") = "Linguistics.App", "Linguistics.App\Linguistics.App.csproj", "{FED41A6D-E65E-49DF-8824-3A0BB846F4F4}"
EndProject
Project("{FAE04EC0-301F-11D3-BF4B-00C04F79EFBC}") = "Basic", "Basic\Basic.csproj", "{91E00F12-A070-499F-9A17-96770059013D}"
EndProject
Global
	GlobalSection(SolutionConfigurationPlatforms) = preSolution
		Debug|Any CPU = Debug|Any CPU
		Release|Any CPU = Release|Any CPU
	EndGlobalSection
	GlobalSection(ProjectConfigurationPlatforms) = postSolution
		{FED41A6D-E65E-49DF-8824-3A0BB846F4F4}.Debug|Any CPU.ActiveCfg = Debug|Any CPU
		{FED41A6D-E65E-49DF-8824-3A0BB846F4F4}.Debug|Any CPU.Build.0 = Debug|Any CPU
		{FED41A6D-E65E-49DF-8824-3A0BB846F4F4}.Release|Any CPU.ActiveCfg = Release|Any CPU
		{FED41A6D-E65E-49DF-8824-3A0BB846F4F4}.Release|Any CPU.Build.0 = Release|Any CPU
		{91E00F12-A070-499F-9A17-96770059013D}.Debug|Any CPU.ActiveCfg = Debug|Any CPU
		{91E00F12-A070-499F-9A17-96770059013D}.Debug|Any CPU.Build.0 = Debug|Any CPU
		{91E00F12-A070-499F-9A17-96770059013D}.Release|Any CPU.ActiveCfg = Release|Any CPU
		{91E00F12-A070-499F-9A17-96770059013D}.Release|Any CPU.Build.0 = Release|Any CPU
	EndGlobalSection
	GlobalSection(SolutionProperties) = preSolution
		HideSolutionNode = FALSE
	EndGlobalSection
	GlobalSection(ExtensibilityGlobals) = postSolution
		SolutionGuid = {7A3BD226-219D-4CF9-BAA4-29A50C42F8A9}
	EndGlobalSection
EndGlobal
